
Microsoft Visual Studio Solution File, Format Version 12.00
# Visual Studio 15
VisualStudioVersion = 15.0.28010.2019
MinimumVisualStudioVersion = 10.0.40219.1
Project("{FAE04EC0-301F-11D3-BF4B-00C04F79EFBC}") = "testMobile.Android", "testMobile\testMobile.Android\testMobile.Android.csproj", "{5CC8F5F6-E6DE-487C-936A-86CB96F8A8D1}"
EndProject
Project("{FAE04EC0-301F-11D3-BF4B-00C04F79EFBC}") = "testMobile.iOS", "testMobile\testMobile.iOS\testMobile.iOS.csproj", "{E4FDAC10-098A-4CA2-A245-FECD18B45ACE}"
EndProject
Project("{FAE04EC0-301F-11D3-BF4B-00C04F79EFBC}") = "testMobile.UWP", "testMobile\testMobile.UWP\testMobile.UWP.csproj", "{F5326DC0-9CA8-4A20-AF99-B085A088C314}"
EndProject
Project("{FAE04EC0-301F-11D3-BF4B-00C04F79EFBC}") = "testMobile", "testMobile\testMobile\testMobile.csproj", "{8B2AEBAA-D7FE-4F55-BA4D-E63DA4456A72}"
EndProject
Global
	GlobalSection(SolutionConfigurationPlatforms) = preSolution
		Ad-Hoc|Any CPU = Ad-Hoc|Any CPU
		Ad-Hoc|ARM = Ad-Hoc|ARM
		Ad-Hoc|iPhone = Ad-Hoc|iPhone
		Ad-Hoc|iPhoneSimulator = Ad-Hoc|iPhoneSimulator
		Ad-Hoc|x64 = Ad-Hoc|x64
		Ad-Hoc|x86 = Ad-Hoc|x86
		AppStore|Any CPU = AppStore|Any CPU
		AppStore|ARM = AppStore|ARM
		AppStore|iPhone = AppStore|iPhone
		AppStore|iPhoneSimulator = AppStore|iPhoneSimulator
		AppStore|x64 = AppStore|x64
		AppStore|x86 = AppStore|x86
		Debug|Any CPU = Debug|Any CPU
		Debug|ARM = Debug|ARM
		Debug|iPhone = Debug|iPhone
		Debug|iPhoneSimulator = Debug|iPhoneSimulator
		Debug|x64 = Debug|x64
		Debug|x86 = Debug|x86
		Release|Any CPU = Release|Any CPU
		Release|ARM = Release|ARM
		Release|iPhone = Release|iPhone
		Release|iPhoneSimulator = Release|iPhoneSimulator
		Release|x64 = Release|x64
		Release|x86 = Release|x86
	EndGlobalSection
	GlobalSection(ProjectConfigurationPlatforms) = postSolution
		{5CC8F5F6-E6DE-487C-936A-86CB96F8A8D1}.Ad-Hoc|Any CPU.ActiveCfg = Release|Any CPU
		{5CC8F5F6-E6DE-487C-936A-86CB96F8A8D1}.Ad-Hoc|Any CPU.Build.0 = Release|Any CPU
		{5CC8F5F6-E6DE-487C-936A-86CB96F8A8D1}.Ad-Hoc|Any CPU.Deploy.0 = Release|Any CPU
		{5CC8F5F6-E6DE-487C-936A-86CB96F8A8D1}.Ad-Hoc|ARM.ActiveCfg = Release|Any CPU
		{5CC8F5F6-E6DE-487C-936A-86CB96F8A8D1}.Ad-Hoc|ARM.Build.0 = Release|Any CPU
		{5CC8F5F6-E6DE-487C-936A-86CB96F8A8D1}.Ad-Hoc|ARM.Deploy.0 = Release|Any CPU
		{5CC8F5F6-E6DE-487C-936A-86CB96F8A8D1}.Ad-Hoc|iPhone.ActiveCfg = Release|Any CPU
		{5CC8F5F6-E6DE-487C-936A-86CB96F8A8D1}.Ad-Hoc|iPhone.Build.0 = Release|Any CPU
		{5CC8F5F6-E6DE-487C-936A-86CB96F8A8D1}.Ad-Hoc|iPhone.Deploy.0 = Release|Any CPU
		{5CC8F5F6-E6DE-487C-936A-86CB96F8A8D1}.Ad-Hoc|iPhoneSimulator.ActiveCfg = Release|Any CPU
		{5CC8F5F6-E6DE-487C-936A-86CB96F8A8D1}.Ad-Hoc|iPhoneSimulator.Build.0 = Release|Any CPU
		{5CC8F5F6-E6DE-487C-936A-86CB96F8A8D1}.Ad-Hoc|iPhoneSimulator.Deploy.0 = Release|Any CPU
		{5CC8F5F6-E6DE-487C-936A-86CB96F8A8D1}.Ad-Hoc|x64.ActiveCfg = Release|Any CPU
		{5CC8F5F6-E6DE-487C-936A-86CB96F8A8D1}.Ad-Hoc|x64.Build.0 = Release|Any CPU
		{5CC8F5F6-E6DE-487C-936A-86CB96F8A8D1}.Ad-Hoc|x64.Deploy.0 = Release|Any CPU
		{5CC8F5F6-E6DE-487C-936A-86CB96F8A8D1}.Ad-Hoc|x86.ActiveCfg = Release|Any CPU
		{5CC8F5F6-E6DE-487C-936A-86CB96F8A8D1}.Ad-Hoc|x86.Build.0 = Release|Any CPU
		{5CC8F5F6-E6DE-487C-936A-86CB96F8A8D1}.Ad-Hoc|x86.Deploy.0 = Release|Any CPU
		{5CC8F5F6-E6DE-487C-936A-86CB96F8A8D1}.AppStore|Any CPU.ActiveCfg = Release|Any CPU
		{5CC8F5F6-E6DE-487C-936A-86CB96F8A8D1}.AppStore|Any CPU.Build.0 = Release|Any CPU
		{5CC8F5F6-E6DE-487C-936A-86CB96F8A8D1}.AppStore|Any CPU.Deploy.0 = Release|Any CPU
		{5CC8F5F6-E6DE-487C-936A-86CB96F8A8D1}.AppStore|ARM.ActiveCfg = Release|Any CPU
		{5CC8F5F6-E6DE-487C-936A-86CB96F8A8D1}.AppStore|ARM.Build.0 = Release|Any CPU
		{5CC8F5F6-E6DE-487C-936A-86CB96F8A8D1}.AppStore|ARM.Deploy.0 = Release|Any CPU
		{5CC8F5F6-E6DE-487C-936A-86CB96F8A8D1}.AppStore|iPhone.ActiveCfg = Release|Any CPU
		{5CC8F5F6-E6DE-487C-936A-86CB96F8A8D1}.AppStore|iPhone.Build.0 = Release|Any CPU
		{5CC8F5F6-E6DE-487C-936A-86CB96F8A8D1}.AppStore|iPhone.Deploy.0 = Release|Any CPU
		{5CC8F5F6-E6DE-487C-936A-86CB96F8A8D1}.AppStore|iPhoneSimulator.ActiveCfg = Release|Any CPU
		{5CC8F5F6-E6DE-487C-936A-86CB96F8A8D1}.AppStore|iPhoneSimulator.Build.0 = Release|Any CPU
		{5CC8F5F6-E6DE-487C-936A-86CB96F8A8D1}.AppStore|iPhoneSimulator.Deploy.0 = Release|Any CPU
		{5CC8F5F6-E6DE-487C-936A-86CB96F8A8D1}.AppStore|x64.ActiveCfg = Release|Any CPU
		{5CC8F5F6-E6DE-487C-936A-86CB96F8A8D1}.AppStore|x64.Build.0 = Release|Any CPU
		{5CC8F5F6-E6DE-487C-936A-86CB96F8A8D1}.AppStore|x64.Deploy.0 = Release|Any CPU
		{5CC8F5F6-E6DE-487C-936A-86CB96F8A8D1}.AppStore|x86.ActiveCfg = Release|Any CPU
		{5CC8F5F6-E6DE-487C-936A-86CB96F8A8D1}.AppStore|x86.Build.0 = Release|Any CPU
		{5CC8F5F6-E6DE-487C-936A-86CB96F8A8D1}.AppStore|x86.Deploy.0 = Release|Any CPU
		{5CC8F5F6-E6DE-487C-936A-86CB96F8A8D1}.Debug|Any CPU.ActiveCfg = Debug|Any CPU
		{5CC8F5F6-E6DE-487C-936A-86CB96F8A8D1}.Debug|Any CPU.Build.0 = Debug|Any CPU
		{5CC8F5F6-E6DE-487C-936A-86CB96F8A8D1}.Debug|Any CPU.Deploy.0 = Debug|Any CPU
		{5CC8F5F6-E6DE-487C-936A-86CB96F8A8D1}.Debug|ARM.ActiveCfg = Debug|Any CPU
		{5CC8F5F6-E6DE-487C-936A-86CB96F8A8D1}.Debug|ARM.Build.0 = Debug|Any CPU
		{5CC8F5F6-E6DE-487C-936A-86CB96F8A8D1}.Debug|ARM.Deploy.0 = Debug|Any CPU
		{5CC8F5F6-E6DE-487C-936A-86CB96F8A8D1}.Debug|iPhone.ActiveCfg = Debug|Any CPU
		{5CC8F5F6-E6DE-487C-936A-86CB96F8A8D1}.Debug|iPhone.Build.0 = Debug|Any CPU
		{5CC8F5F6-E6DE-487C-936A-86CB96F8A8D1}.Debug|iPhone.Deploy.0 = Debug|Any CPU
		{5CC8F5F6-E6DE-487C-936A-86CB96F8A8D1}.Debug|iPhoneSimulator.ActiveCfg = Debug|Any CPU
		{5CC8F5F6-E6DE-487C-936A-86CB96F8A8D1}.Debug|iPhoneSimulator.Build.0 = Debug|Any CPU
		{5CC8F5F6-E6DE-487C-936A-86CB96F8A8D1}.Debug|iPhoneSimulator.Deploy.0 = Debug|Any CPU
		{5CC8F5F6-E6DE-487C-936A-86CB96F8A8D1}.Debug|x64.ActiveCfg = Debug|Any CPU
		{5CC8F5F6-E6DE-487C-936A-86CB96F8A8D1}.Debug|x64.Build.0 = Debug|Any CPU
		{5CC8F5F6-E6DE-487C-936A-86CB96F8A8D1}.Debug|x64.Deploy.0 = Debug|Any CPU
		{5CC8F5F6-E6DE-487C-936A-86CB96F8A8D1}.Debug|x86.ActiveCfg = Debug|Any CPU
		{5CC8F5F6-E6DE-487C-936A-86CB96F8A8D1}.Debug|x86.Build.0 = Debug|Any CPU
		{5CC8F5F6-E6DE-487C-936A-86CB96F8A8D1}.Debug|x86.Deploy.0 = Debug|Any CPU
		{5CC8F5F6-E6DE-487C-936A-86CB96F8A8D1}.Release|Any CPU.ActiveCfg = Release|Any CPU
		{5CC8F5F6-E6DE-487C-936A-86CB96F8A8D1}.Release|Any CPU.Build.0 = Release|Any CPU
		{5CC8F5F6-E6DE-487C-936A-86CB96F8A8D1}.Release|Any CPU.Deploy.0 = Release|Any CPU
		{5CC8F5F6-E6DE-487C-936A-86CB96F8A8D1}.Release|ARM.ActiveCfg = Release|Any CPU
		{5CC8F5F6-E6DE-487C-936A-86CB96F8A8D1}.Release|ARM.Build.0 = Release|Any CPU
		{5CC8F5F6-E6DE-487C-936A-86CB96F8A8D1}.Release|ARM.Deploy.0 = Release|Any CPU
		{5CC8F5F6-E6DE-487C-936A-86CB96F8A8D1}.Release|iPhone.ActiveCfg = Release|Any CPU
		{5CC8F5F6-E6DE-487C-936A-86CB96F8A8D1}.Release|iPhone.Build.0 = Release|Any CPU
		{5CC8F5F6-E6DE-487C-936A-86CB96F8A8D1}.Release|iPhone.Deploy.0 = Release|Any CPU
		{5CC8F5F6-E6DE-487C-936A-86CB96F8A8D1}.Release|iPhoneSimulator.ActiveCfg = Release|Any CPU
		{5CC8F5F6-E6DE-487C-936A-86CB96F8A8D1}.Release|iPhoneSimulator.Build.0 = Release|Any CPU
		{5CC8F5F6-E6DE-487C-936A-86CB96F8A8D1}.Release|iPhoneSimulator.Deploy.0 = Release|Any CPU
		{5CC8F5F6-E6DE-487C-936A-86CB96F8A8D1}.Release|x64.ActiveCfg = Release|Any CPU
		{5CC8F5F6-E6DE-487C-936A-86CB96F8A8D1}.Release|x64.Build.0 = Release|Any CPU
		{5CC8F5F6-E6DE-487C-936A-86CB96F8A8D1}.Release|x64.Deploy.0 = Release|Any CPU
		{5CC8F5F6-E6DE-487C-936A-86CB96F8A8D1}.Release|x86.ActiveCfg = Release|Any CPU
		{5CC8F5F6-E6DE-487C-936A-86CB96F8A8D1}.Release|x86.Build.0 = Release|Any CPU
		{5CC8F5F6-E6DE-487C-936A-86CB96F8A8D1}.Release|x86.Deploy.0 = Release|Any CPU
		{E4FDAC10-098A-4CA2-A245-FECD18B45ACE}.Ad-Hoc|Any CPU.ActiveCfg = Ad-Hoc|iPhone
		{E4FDAC10-098A-4CA2-A245-FECD18B45ACE}.Ad-Hoc|Any CPU.Build.0 = Ad-Hoc|iPhone
		{E4FDAC10-098A-4CA2-A245-FECD18B45ACE}.Ad-Hoc|Any CPU.Deploy.0 = Ad-Hoc|iPhone
		{E4FDAC10-098A-4CA2-A245-FECD18B45ACE}.Ad-Hoc|ARM.ActiveCfg = Ad-Hoc|iPhone
		{E4FDAC10-098A-4CA2-A245-FECD18B45ACE}.Ad-Hoc|ARM.Build.0 = Ad-Hoc|iPhone
		{E4FDAC10-098A-4CA2-A245-FECD18B45ACE}.Ad-Hoc|ARM.Deploy.0 = Ad-Hoc|iPhone
		{E4FDAC10-098A-4CA2-A245-FECD18B45ACE}.Ad-Hoc|iPhone.ActiveCfg = Ad-Hoc|iPhone
		{E4FDAC10-098A-4CA2-A245-FECD18B45ACE}.Ad-Hoc|iPhone.Build.0 = Ad-Hoc|iPhone
		{E4FDAC10-098A-4CA2-A245-FECD18B45ACE}.Ad-Hoc|iPhone.Deploy.0 = Ad-Hoc|iPhone
		{E4FDAC10-098A-4CA2-A245-FECD18B45ACE}.Ad-Hoc|iPhoneSimulator.ActiveCfg = Ad-Hoc|iPhoneSimulator
		{E4FDAC10-098A-4CA2-A245-FECD18B45ACE}.Ad-Hoc|iPhoneSimulator.Build.0 = Ad-Hoc|iPhoneSimulator
		{E4FDAC10-098A-4CA2-A245-FECD18B45ACE}.Ad-Hoc|iPhoneSimulator.Deploy.0 = Ad-Hoc|iPhoneSimulator
		{E4FDAC10-098A-4CA2-A245-FECD18B45ACE}.Ad-Hoc|x64.ActiveCfg = Ad-Hoc|iPhone
		{E4FDAC10-098A-4CA2-A245-FECD18B45ACE}.Ad-Hoc|x64.Build.0 = Ad-Hoc|iPhone
		{E4FDAC10-098A-4CA2-A245-FECD18B45ACE}.Ad-Hoc|x64.Deploy.0 = Ad-Hoc|iPhone
		{E4FDAC10-098A-4CA2-A245-FECD18B45ACE}.Ad-Hoc|x86.ActiveCfg = Ad-Hoc|iPhone
		{E4FDAC10-098A-4CA2-A245-FECD18B45ACE}.Ad-Hoc|x86.Build.0 = Ad-Hoc|iPhone
		{E4FDAC10-098A-4CA2-A245-FECD18B45ACE}.Ad-Hoc|x86.Deploy.0 = Ad-Hoc|iPhone
		{E4FDAC10-098A-4CA2-A245-FECD18B45ACE}.AppStore|Any CPU.ActiveCfg = AppStore|iPhone
		{E4FDAC10-098A-4CA2-A245-FECD18B45ACE}.AppStore|Any CPU.Build.0 = AppStore|iPhone
		{E4FDAC10-098A-4CA2-A245-FECD18B45ACE}.AppStore|Any CPU.Deploy.0 = AppStore|iPhone
		{E4FDAC10-098A-4CA2-A245-FECD18B45ACE}.AppStore|ARM.ActiveCfg = AppStore|iPhone
		{E4FDAC10-098A-4CA2-A245-FECD18B45ACE}.AppStore|ARM.Build.0 = AppStore|iPhone
		{E4FDAC10-098A-4CA2-A245-FECD18B45ACE}.AppStore|ARM.Deploy.0 = AppStore|iPhone
		{E4FDAC10-098A-4CA2-A245-FECD18B45ACE}.AppStore|iPhone.ActiveCfg = AppStore|iPhone
		{E4FDAC10-098A-4CA2-A245-FECD18B45ACE}.AppStore|iPhone.Build.0 = AppStore|iPhone
		{E4FDAC10-098A-4CA2-A245-FECD18B45ACE}.AppStore|iPhone.Deploy.0 = AppStore|iPhone
		{E4FDAC10-098A-4CA2-A245-FECD18B45ACE}.AppStore|iPhoneSimulator.ActiveCfg = AppStore|iPhoneSimulator
		{E4FDAC10-098A-4CA2-A245-FECD18B45ACE}.AppStore|iPhoneSimulator.Build.0 = AppStore|iPhoneSimulator
		{E4FDAC10-098A-4CA2-A245-FECD18B45ACE}.AppStore|iPhoneSimulator.Deploy.0 = AppStore|iPhoneSimulator
		{E4FDAC10-098A-4CA2-A245-FECD18B45ACE}.AppStore|x64.ActiveCfg = AppStore|iPhone
		{E4FDAC10-098A-4CA2-A245-FECD18B45ACE}.AppStore|x64.Build.0 = AppStore|iPhone
		{E4FDAC10-098A-4CA2-A245-FECD18B45ACE}.AppStore|x64.Deploy.0 = AppStore|iPhone
		{E4FDAC10-098A-4CA2-A245-FECD18B45ACE}.AppStore|x86.ActiveCfg = AppStore|iPhone
		{E4FDAC10-098A-4CA2-A245-FECD18B45ACE}.AppStore|x86.Build.0 = AppStore|iPhone
		{E4FDAC10-098A-4CA2-A245-FECD18B45ACE}.AppStore|x86.Deploy.0 = AppStore|iPhone
		{E4FDAC10-098A-4CA2-A245-FECD18B45ACE}.Debug|Any CPU.ActiveCfg = Debug|iPhoneSimulator
		{E4FDAC10-098A-4CA2-A245-FECD18B45ACE}.Debug|Any CPU.Build.0 = Debug|iPhoneSimulator
		{E4FDAC10-098A-4CA2-A245-FECD18B45ACE}.Debug|Any CPU.Deploy.0 = Debug|iPhoneSimulator
		{E4FDAC10-098A-4CA2-A245-FECD18B45ACE}.Debug|ARM.ActiveCfg = Debug|iPhone
		{E4FDAC10-098A-4CA2-A245-FECD18B45ACE}.Debug|ARM.Build.0 = Debug|iPhone
		{E4FDAC10-098A-4CA2-A245-FECD18B45ACE}.Debug|ARM.Deploy.0 = Debug|iPhone
		{E4FDAC10-098A-4CA2-A245-FECD18B45ACE}.Debug|iPhone.ActiveCfg = Debug|iPhone
		{E4FDAC10-098A-4CA2-A245-FECD18B45ACE}.Debug|iPhone.Build.0 = Debug|iPhone
		{E4FDAC10-098A-4CA2-A245-FECD18B45ACE}.Debug|iPhone.Deploy.0 = Debug|iPhone
		{E4FDAC10-098A-4CA2-A245-FECD18B45ACE}.Debug|iPhoneSimulator.ActiveCfg = Debug|iPhoneSimulator
		{E4FDAC10-098A-4CA2-A245-FECD18B45ACE}.Debug|iPhoneSimulator.Build.0 = Debug|iPhoneSimulator
		{E4FDAC10-098A-4CA2-A245-FECD18B45ACE}.Debug|iPhoneSimulator.Deploy.0 = Debug|iPhoneSimulator
		{E4FDAC10-098A-4CA2-A245-FECD18B45ACE}.Debug|x64.ActiveCfg = Debug|iPhone
		{E4FDAC10-098A-4CA2-A245-FECD18B45ACE}.Debug|x64.Build.0 = Debug|iPhone
		{E4FDAC10-098A-4CA2-A245-FECD18B45ACE}.Debug|x64.Deploy.0 = Debug|iPhone
		{E4FDAC10-098A-4CA2-A245-FECD18B45ACE}.Debug|x86.ActiveCfg = Debug|iPhone
		{E4FDAC10-098A-4CA2-A245-FECD18B45ACE}.Debug|x86.Build.0 = Debug|iPhone
		{E4FDAC10-098A-4CA2-A245-FECD18B45ACE}.Debug|x86.Deploy.0 = Debug|iPhone
		{E4FDAC10-098A-4CA2-A245-FECD18B45ACE}.Release|Any CPU.ActiveCfg = Release|iPhone
		{E4FDAC10-098A-4CA2-A245-FECD18B45ACE}.Release|Any CPU.Build.0 = Release|iPhone
		{E4FDAC10-098A-4CA2-A245-FECD18B45ACE}.Release|Any CPU.Deploy.0 = Release|iPhone
		{E4FDAC10-098A-4CA2-A245-FECD18B45ACE}.Release|ARM.ActiveCfg = Release|iPhone
		{E4FDAC10-098A-4CA2-A245-FECD18B45ACE}.Release|ARM.Build.0 = Release|iPhone
		{E4FDAC10-098A-4CA2-A245-FECD18B45ACE}.Release|ARM.Deploy.0 = Release|iPhone
		{E4FDAC10-098A-4CA2-A245-FECD18B45ACE}.Release|iPhone.ActiveCfg = Release|iPhone
		{E4FDAC10-098A-4CA2-A245-FECD18B45ACE}.Release|iPhone.Build.0 = Release|iPhone
		{E4FDAC10-098A-4CA2-A245-FECD18B45ACE}.Release|iPhone.Deploy.0 = Release|iPhone
		{E4FDAC10-098A-4CA2-A245-FECD18B45ACE}.Release|iPhoneSimulator.ActiveCfg = Release|iPhoneSimulator
		{E4FDAC10-098A-4CA2-A245-FECD18B45ACE}.Release|iPhoneSimulator.Build.0 = Release|iPhoneSimulator
		{E4FDAC10-098A-4CA2-A245-FECD18B45ACE}.Release|iPhoneSimulator.Deploy.0 = Release|iPhoneSimulator
		{E4FDAC10-098A-4CA2-A245-FECD18B45ACE}.Release|x64.ActiveCfg = Release|iPhone
		{E4FDAC10-098A-4CA2-A245-FECD18B45ACE}.Release|x64.Build.0 = Release|iPhone
		{E4FDAC10-098A-4CA2-A245-FECD18B45ACE}.Release|x64.Deploy.0 = Release|iPhone
		{E4FDAC10-098A-4CA2-A245-FECD18B45ACE}.Release|x86.ActiveCfg = Release|iPhone
		{E4FDAC10-098A-4CA2-A245-FECD18B45ACE}.Release|x86.Build.0 = Release|iPhone
		{E4FDAC10-098A-4CA2-A245-FECD18B45ACE}.Release|x86.Deploy.0 = Release|iPhone
		{F5326DC0-9CA8-4A20-AF99-B085A088C314}.Ad-Hoc|Any CPU.ActiveCfg = Release|x86
		{F5326DC0-9CA8-4A20-AF99-B085A088C314}.Ad-Hoc|Any CPU.Build.0 = Release|x86
		{F5326DC0-9CA8-4A20-AF99-B085A088C314}.Ad-Hoc|Any CPU.Deploy.0 = Release|x86
		{F5326DC0-9CA8-4A20-AF99-B085A088C314}.Ad-Hoc|ARM.ActiveCfg = Release|ARM
		{F5326DC0-9CA8-4A20-AF99-B085A088C314}.Ad-Hoc|ARM.Build.0 = Release|ARM
		{F5326DC0-9CA8-4A20-AF99-B085A088C314}.Ad-Hoc|ARM.Deploy.0 = Release|ARM
		{F5326DC0-9CA8-4A20-AF99-B085A088C314}.Ad-Hoc|iPhone.ActiveCfg = Release|x86
		{F5326DC0-9CA8-4A20-AF99-B085A088C314}.Ad-Hoc|iPhone.Build.0 = Release|x86
		{F5326DC0-9CA8-4A20-AF99-B085A088C314}.Ad-Hoc|iPhone.Deploy.0 = Release|x86
		{F5326DC0-9CA8-4A20-AF99-B085A088C314}.Ad-Hoc|iPhoneSimulator.ActiveCfg = Release|x86
		{F5326DC0-9CA8-4A20-AF99-B085A088C314}.Ad-Hoc|iPhoneSimulator.Build.0 = Release|x86
		{F5326DC0-9CA8-4A20-AF99-B085A088C314}.Ad-Hoc|iPhoneSimulator.Deploy.0 = Release|x86
		{F5326DC0-9CA8-4A20-AF99-B085A088C314}.Ad-Hoc|x64.ActiveCfg = Release|x64
		{F5326DC0-9CA8-4A20-AF99-B085A088C314}.Ad-Hoc|x64.Build.0 = Release|x64
		{F5326DC0-9CA8-4A20-AF99-B085A088C314}.Ad-Hoc|x64.Deploy.0 = Release|x64
		{F5326DC0-9CA8-4A20-AF99-B085A088C314}.Ad-Hoc|x86.ActiveCfg = Release|x86
		{F5326DC0-9CA8-4A20-AF99-B085A088C314}.Ad-Hoc|x86.Build.0 = Release|x86
		{F5326DC0-9CA8-4A20-AF99-B085A088C314}.Ad-Hoc|x86.Deploy.0 = Release|x86
		{F5326DC0-9CA8-4A20-AF99-B085A088C314}.AppStore|Any CPU.ActiveCfg = Release|x86
		{F5326DC0-9CA8-4A20-AF99-B085A088C314}.AppStore|Any CPU.Build.0 = Release|x86
		{F5326DC0-9CA8-4A20-AF99-B085A088C314}.AppStore|Any CPU.Deploy.0 = Release|x86
		{F5326DC0-9CA8-4A20-AF99-B085A088C314}.AppStore|ARM.ActiveCfg = Release|ARM
		{F5326DC0-9CA8-4A20-AF99-B085A088C314}.AppStore|ARM.Build.0 = Release|ARM
		{F5326DC0-9CA8-4A20-AF99-B085A088C314}.AppStore|ARM.Deploy.0 = Release|ARM
		{F5326DC0-9CA8-4A20-AF99-B085A088C314}.AppStore|iPhone.ActiveCfg = Release|x86
		{F5326DC0-9CA8-4A20-AF99-B085A088C314}.AppStore|iPhone.Build.0 = Release|x86
		{F5326DC0-9CA8-4A20-AF99-B085A088C314}.AppStore|iPhone.Deploy.0 = Release|x86
		{F5326DC0-9CA8-4A20-AF99-B085A088C314}.AppStore|iPhoneSimulator.ActiveCfg = Release|x86
		{F5326DC0-9CA8-4A20-AF99-B085A088C314}.AppStore|iPhoneSimulator.Build.0 = Release|x86
		{F5326DC0-9CA8-4A20-AF99-B085A088C314}.AppStore|iPhoneSimulator.Deploy.0 = Release|x86
		{F5326DC0-9CA8-4A20-AF99-B085A088C314}.AppStore|x64.ActiveCfg = Release|x64
		{F5326DC0-9CA8-4A20-AF99-B085A088C314}.AppStore|x64.Build.0 = Release|x64
		{F5326DC0-9CA8-4A20-AF99-B085A088C314}.AppStore|x64.Deploy.0 = Release|x64
		{F5326DC0-9CA8-4A20-AF99-B085A088C314}.AppStore|x86.ActiveCfg = Release|x86
		{F5326DC0-9CA8-4A20-AF99-B085A088C314}.AppStore|x86.Build.0 = Release|x86
		{F5326DC0-9CA8-4A20-AF99-B085A088C314}.AppStore|x86.Deploy.0 = Release|x86
		{F5326DC0-9CA8-4A20-AF99-B085A088C314}.Debug|Any CPU.ActiveCfg = Debug|x86
		{F5326DC0-9CA8-4A20-AF99-B085A088C314}.Debug|Any CPU.Build.0 = Debug|x86
		{F5326DC0-9CA8-4A20-AF99-B085A088C314}.Debug|Any CPU.Deploy.0 = Debug|x86
		{F5326DC0-9CA8-4A20-AF99-B085A088C314}.Debug|ARM.ActiveCfg = Debug|ARM
		{F5326DC0-9CA8-4A20-AF99-B085A088C314}.Debug|ARM.Build.0 = Debug|ARM
		{F5326DC0-9CA8-4A20-AF99-B085A088C314}.Debug|ARM.Deploy.0 = Debug|ARM
		{F5326DC0-9CA8-4A20-AF99-B085A088C314}.Debug|iPhone.ActiveCfg = Debug|x86
		{F5326DC0-9CA8-4A20-AF99-B085A088C314}.Debug|iPhone.Build.0 = Debug|x86
		{F5326DC0-9CA8-4A20-AF99-B085A088C314}.Debug|iPhone.Deploy.0 = Debug|x86
		{F5326DC0-9CA8-4A20-AF99-B085A088C314}.Debug|iPhoneSimulator.ActiveCfg = Debug|x86
		{F5326DC0-9CA8-4A20-AF99-B085A088C314}.Debug|iPhoneSimulator.Build.0 = Debug|x86
		{F5326DC0-9CA8-4A20-AF99-B085A088C314}.Debug|iPhoneSimulator.Deploy.0 = Debug|x86
		{F5326DC0-9CA8-4A20-AF99-B085A088C314}.Debug|x64.ActiveCfg = Debug|x64
		{F5326DC0-9CA8-4A20-AF99-B085A088C314}.Debug|x64.Build.0 = Debug|x64
		{F5326DC0-9CA8-4A20-AF99-B085A088C314}.Debug|x64.Deploy.0 = Debug|x64
		{F5326DC0-9CA8-4A20-AF99-B085A088C314}.Debug|x86.ActiveCfg = Debug|x86
		{F5326DC0-9CA8-4A20-AF99-B085A088C314}.Debug|x86.Build.0 = Debug|x86
		{F5326DC0-9CA8-4A20-AF99-B085A088C314}.Debug|x86.Deploy.0 = Debug|x86
		{F5326DC0-9CA8-4A20-AF99-B085A088C314}.Release|Any CPU.ActiveCfg = Release|x86
		{F5326DC0-9CA8-4A20-AF99-B085A088C314}.Release|Any CPU.Build.0 = Release|x86
		{F5326DC0-9CA8-4A20-AF99-B085A088C314}.Release|Any CPU.Deploy.0 = Release|x86
		{F5326DC0-9CA8-4A20-AF99-B085A088C314}.Release|ARM.ActiveCfg = Release|ARM
		{F5326DC0-9CA8-4A20-AF99-B085A088C314}.Release|ARM.Build.0 = Release|ARM
		{F5326DC0-9CA8-4A20-AF99-B085A088C314}.Release|ARM.Deploy.0 = Release|ARM
		{F5326DC0-9CA8-4A20-AF99-B085A088C314}.Release|iPhone.ActiveCfg = Release|x86
		{F5326DC0-9CA8-4A20-AF99-B085A088C314}.Release|iPhone.Build.0 = Release|x86
		{F5326DC0-9CA8-4A20-AF99-B085A088C314}.Release|iPhone.Deploy.0 = Release|x86
		{F5326DC0-9CA8-4A20-AF99-B085A088C314}.Release|iPhoneSimulator.ActiveCfg = Release|x86
		{F5326DC0-9CA8-4A20-AF99-B085A088C314}.Release|iPhoneSimulator.Build.0 = Release|x86
		{F5326DC0-9CA8-4A20-AF99-B085A088C314}.Release|iPhoneSimulator.Deploy.0 = Release|x86
		{F5326DC0-9CA8-4A20-AF99-B085A088C314}.Release|x64.ActiveCfg = Release|x64
		{F5326DC0-9CA8-4A20-AF99-B085A088C314}.Release|x64.Build.0 = Release|x64
		{F5326DC0-9CA8-4A20-AF99-B085A088C314}.Release|x64.Deploy.0 = Release|x64
		{F5326DC0-9CA8-4A20-AF99-B085A088C314}.Release|x86.ActiveCfg = Release|x86
		{F5326DC0-9CA8-4A20-AF99-B085A088C314}.Release|x86.Build.0 = Release|x86
		{F5326DC0-9CA8-4A20-AF99-B085A088C314}.Release|x86.Deploy.0 = Release|x86
		{8B2AEBAA-D7FE-4F55-BA4D-E63DA4456A72}.Ad-Hoc|Any CPU.ActiveCfg = Debug|Any CPU
		{8B2AEBAA-D7FE-4F55-BA4D-E63DA4456A72}.Ad-Hoc|Any CPU.Build.0 = Debug|Any CPU
		{8B2AEBAA-D7FE-4F55-BA4D-E63DA4456A72}.Ad-Hoc|Any CPU.Deploy.0 = Debug|Any CPU
		{8B2AEBAA-D7FE-4F55-BA4D-E63DA4456A72}.Ad-Hoc|ARM.ActiveCfg = Debug|Any CPU
		{8B2AEBAA-D7FE-4F55-BA4D-E63DA4456A72}.Ad-Hoc|ARM.Build.0 = Debug|Any CPU
		{8B2AEBAA-D7FE-4F55-BA4D-E63DA4456A72}.Ad-Hoc|ARM.Deploy.0 = Debug|Any CPU
		{8B2AEBAA-D7FE-4F55-BA4D-E63DA4456A72}.Ad-Hoc|iPhone.ActiveCfg = Debug|Any CPU
		{8B2AEBAA-D7FE-4F55-BA4D-E63DA4456A72}.Ad-Hoc|iPhone.Build.0 = Debug|Any CPU
		{8B2AEBAA-D7FE-4F55-BA4D-E63DA4456A72}.Ad-Hoc|iPhone.Deploy.0 = Debug|Any CPU
		{8B2AEBAA-D7FE-4F55-BA4D-E63DA4456A72}.Ad-Hoc|iPhoneSimulator.ActiveCfg = Debug|Any CPU
		{8B2AEBAA-D7FE-4F55-BA4D-E63DA4456A72}.Ad-Hoc|iPhoneSimulator.Build.0 = Debug|Any CPU
		{8B2AEBAA-D7FE-4F55-BA4D-E63DA4456A72}.Ad-Hoc|iPhoneSimulator.Deploy.0 = Debug|Any CPU
		{8B2AEBAA-D7FE-4F55-BA4D-E63DA4456A72}.Ad-Hoc|x64.ActiveCfg = Debug|Any CPU
		{8B2AEBAA-D7FE-4F55-BA4D-E63DA4456A72}.Ad-Hoc|x64.Build.0 = Debug|Any CPU
		{8B2AEBAA-D7FE-4F55-BA4D-E63DA4456A72}.Ad-Hoc|x64.Deploy.0 = Debug|Any CPU
		{8B2AEBAA-D7FE-4F55-BA4D-E63DA4456A72}.Ad-Hoc|x86.ActiveCfg = Debug|Any CPU
		{8B2AEBAA-D7FE-4F55-BA4D-E63DA4456A72}.Ad-Hoc|x86.Build.0 = Debug|Any CPU
		{8B2AEBAA-D7FE-4F55-BA4D-E63DA4456A72}.Ad-Hoc|x86.Deploy.0 = Debug|Any CPU
		{8B2AEBAA-D7FE-4F55-BA4D-E63DA4456A72}.AppStore|Any CPU.ActiveCfg = Debug|Any CPU
		{8B2AEBAA-D7FE-4F55-BA4D-E63DA4456A72}.AppStore|Any CPU.Build.0 = Debug|Any CPU
		{8B2AEBAA-D7FE-4F55-BA4D-E63DA4456A72}.AppStore|Any CPU.Deploy.0 = Debug|Any CPU
		{8B2AEBAA-D7FE-4F55-BA4D-E63DA4456A72}.AppStore|ARM.ActiveCfg = Debug|Any CPU
		{8B2AEBAA-D7FE-4F55-BA4D-E63DA4456A72}.AppStore|ARM.Build.0 = Debug|Any CPU
		{8B2AEBAA-D7FE-4F55-BA4D-E63DA4456A72}.AppStore|ARM.Deploy.0 = Debug|Any CPU
		{8B2AEBAA-D7FE-4F55-BA4D-E63DA4456A72}.AppStore|iPhone.ActiveCfg = Debug|Any CPU
		{8B2AEBAA-D7FE-4F55-BA4D-E63DA4456A72}.AppStore|iPhone.Build.0 = Debug|Any CPU
		{8B2AEBAA-D7FE-4F55-BA4D-E63DA4456A72}.AppStore|iPhone.Deploy.0 = Debug|Any CPU
		{8B2AEBAA-D7FE-4F55-BA4D-E63DA4456A72}.AppStore|iPhoneSimulator.ActiveCfg = Debug|Any CPU
		{8B2AEBAA-D7FE-4F55-BA4D-E63DA4456A72}.AppStore|iPhoneSimulator.Build.0 = Debug|Any CPU
		{8B2AEBAA-D7FE-4F55-BA4D-E63DA4456A72}.AppStore|iPhoneSimulator.Deploy.0 = Debug|Any CPU
		{8B2AEBAA-D7FE-4F55-BA4D-E63DA4456A72}.AppStore|x64.ActiveCfg = Debug|Any CPU
		{8B2AEBAA-D7FE-4F55-BA4D-E63DA4456A72}.AppStore|x64.Build.0 = Debug|Any CPU
		{8B2AEBAA-D7FE-4F55-BA4D-E63DA4456A72}.AppStore|x64.Deploy.0 = Debug|Any CPU
		{8B2AEBAA-D7FE-4F55-BA4D-E63DA4456A72}.AppStore|x86.ActiveCfg = Debug|Any CPU
		{8B2AEBAA-D7FE-4F55-BA4D-E63DA4456A72}.AppStore|x86.Build.0 = Debug|Any CPU
		{8B2AEBAA-D7FE-4F55-BA4D-E63DA4456A72}.AppStore|x86.Deploy.0 = Debug|Any CPU
		{8B2AEBAA-D7FE-4F55-BA4D-E63DA4456A72}.Debug|Any CPU.ActiveCfg = Debug|Any CPU
		{8B2AEBAA-D7FE-4F55-BA4D-E63DA4456A72}.Debug|Any CPU.Build.0 = Debug|Any CPU
		{8B2AEBAA-D7FE-4F55-BA4D-E63DA4456A72}.Debug|Any CPU.Deploy.0 = Debug|Any CPU
		{8B2AEBAA-D7FE-4F55-BA4D-E63DA4456A72}.Debug|ARM.ActiveCfg = Debug|Any CPU
		{8B2AEBAA-D7FE-4F55-BA4D-E63DA4456A72}.Debug|ARM.Build.0 = Debug|Any CPU
		{8B2AEBAA-D7FE-4F55-BA4D-E63DA4456A72}.Debug|ARM.Deploy.0 = Debug|Any CPU
		{8B2AEBAA-D7FE-4F55-BA4D-E63DA4456A72}.Debug|iPhone.ActiveCfg = Debug|Any CPU
		{8B2AEBAA-D7FE-4F55-BA4D-E63DA4456A72}.Debug|iPhone.Build.0 = Debug|Any CPU
		{8B2AEBAA-D7FE-4F55-BA4D-E63DA4456A72}.Debug|iPhone.Deploy.0 = Debug|Any CPU
		{8B2AEBAA-D7FE-4F55-BA4D-E63DA4456A72}.Debug|iPhoneSimulator.ActiveCfg = Debug|Any CPU
		{8B2AEBAA-D7FE-4F55-BA4D-E63DA4456A72}.Debug|iPhoneSimulator.Build.0 = Debug|Any CPU
		{8B2AEBAA-D7FE-4F55-BA4D-E63DA4456A72}.Debug|iPhoneSimulator.Deploy.0 = Debug|Any CPU
		{8B2AEBAA-D7FE-4F55-BA4D-E63DA4456A72}.Debug|x64.ActiveCfg = Debug|Any CPU
		{8B2AEBAA-D7FE-4F55-BA4D-E63DA4456A72}.Debug|x64.Build.0 = Debug|Any CPU
		{8B2AEBAA-D7FE-4F55-BA4D-E63DA4456A72}.Debug|x64.Deploy.0 = Debug|Any CPU
		{8B2AEBAA-D7FE-4F55-BA4D-E63DA4456A72}.Debug|x86.ActiveCfg = Debug|Any CPU
		{8B2AEBAA-D7FE-4F55-BA4D-E63DA4456A72}.Debug|x86.Build.0 = Debug|Any CPU
		{8B2AEBAA-D7FE-4F55-BA4D-E63DA4456A72}.Debug|x86.Deploy.0 = Debug|Any CPU
		{8B2AEBAA-D7FE-4F55-BA4D-E63DA4456A72}.Release|Any CPU.ActiveCfg = Release|Any CPU
		{8B2AEBAA-D7FE-4F55-BA4D-E63DA4456A72}.Release|Any CPU.Build.0 = Release|Any CPU
		{8B2AEBAA-D7FE-4F55-BA4D-E63DA4456A72}.Release|Any CPU.Deploy.0 = Release|Any CPU
		{8B2AEBAA-D7FE-4F55-BA4D-E63DA4456A72}.Release|ARM.ActiveCfg = Release|Any CPU
		{8B2AEBAA-D7FE-4F55-BA4D-E63DA4456A72}.Release|ARM.Build.0 = Release|Any CPU
		{8B2AEBAA-D7FE-4F55-BA4D-E63DA4456A72}.Release|ARM.Deploy.0 = Release|Any CPU
		{8B2AEBAA-D7FE-4F55-BA4D-E63DA4456A72}.Release|iPhone.ActiveCfg = Release|Any CPU
		{8B2AEBAA-D7FE-4F55-BA4D-E63DA4456A72}.Release|iPhone.Build.0 = Release|Any CPU
		{8B2AEBAA-D7FE-4F55-BA4D-E63DA4456A72}.Release|iPhone.Deploy.0 = Release|Any CPU
		{8B2AEBAA-D7FE-4F55-BA4D-E63DA4456A72}.Release|iPhoneSimulator.ActiveCfg = Release|Any CPU
		{8B2AEBAA-D7FE-4F55-BA4D-E63DA4456A72}.Release|iPhoneSimulator.Build.0 = Release|Any CPU
		{8B2AEBAA-D7FE-4F55-BA4D-E63DA4456A72}.Release|iPhoneSimulator.Deploy.0 = Release|Any CPU
		{8B2AEBAA-D7FE-4F55-BA4D-E63DA4456A72}.Release|x64.ActiveCfg = Release|Any CPU
		{8B2AEBAA-D7FE-4F55-BA4D-E63DA4456A72}.Release|x64.Build.0 = Release|Any CPU
		{8B2AEBAA-D7FE-4F55-BA4D-E63DA4456A72}.Release|x64.Deploy.0 = Release|Any CPU
		{8B2AEBAA-D7FE-4F55-BA4D-E63DA4456A72}.Release|x86.ActiveCfg = Release|Any CPU
		{8B2AEBAA-D7FE-4F55-BA4D-E63DA4456A72}.Release|x86.Build.0 = Release|Any CPU
		{8B2AEBAA-D7FE-4F55-BA4D-E63DA4456A72}.Release|x86.Deploy.0 = Release|Any CPU
	EndGlobalSection
	GlobalSection(SolutionProperties) = preSolution
		HideSolutionNode = FALSE
	EndGlobalSection
	GlobalSection(ExtensibilityGlobals) = postSolution
		SolutionGuid = {CA34CA22-3A1D-4D3B-B30D-42A772D56498}
	EndGlobalSection
EndGlobal
